// !$*UTF8*$!
{
	archiveVersion = 1;
	classes = {
	};
	objectVersion = 46;
	objects = {

/* Begin PBXBuildFile section */
		3FCAC84B1EE949E4008DA83B /* AppDelegate.swift in Sources */ = {isa = PBXBuildFile; fileRef = 3FCAC84A1EE949E4008DA83B /* AppDelegate.swift */; };
		3FCAC84D1EE949E4008DA83B /* ViewController.swift in Sources */ = {isa = PBXBuildFile; fileRef = 3FCAC84C1EE949E4008DA83B /* ViewController.swift */; };
		3FCAC8501EE949E4008DA83B /* Main.storyboard in Resources */ = {isa = PBXBuildFile; fileRef = 3FCAC84E1EE949E4008DA83B /* Main.storyboard */; };
		3FCAC8521EE949E4008DA83B /* Assets.xcassets in Resources */ = {isa = PBXBuildFile; fileRef = 3FCAC8511EE949E4008DA83B /* Assets.xcassets */; };
		3FCAC8551EE949E4008DA83B /* LaunchScreen.storyboard in Resources */ = {isa = PBXBuildFile; fileRef = 3FCAC8531EE949E4008DA83B /* LaunchScreen.storyboard */; };
		3FCAC85D1EE94A88008DA83B /* PodFile in Resources */ = {isa = PBXBuildFile; fileRef = 3FCAC85C1EE94A88008DA83B /* PodFile */; };
		B97B47EC7182E2D25F8B6719 /* libPods-GoogleMapsPod.a in Frameworks */ = {isa = PBXBuildFile; fileRef = 33FA16D688F635235C435287 /* libPods-GoogleMapsPod.a */; };
/* End PBXBuildFile section */

/* Begin PBXFileReference section */
		33FA16D688F635235C435287 /* libPods-GoogleMapsPod.a */ = {isa = PBXFileReference; explicitFileType = archive.ar; includeInIndex = 0; path = "libPods-GoogleMapsPod.a"; sourceTree = BUILT_PRODUCTS_DIR; };
		3FCAC8471EE949E4008DA83B /* GoogleMapsPod.app */ = {isa = PBXFileReference; explicitFileType = wrapper.application; includeInIndex = 0; path = GoogleMapsPod.app; sourceTree = BUILT_PRODUCTS_DIR; };
		3FCAC84A1EE949E4008DA83B /* AppDelegate.swift */ = {isa = PBXFileReference; lastKnownFileType = sourcecode.swift; path = AppDelegate.swift; sourceTree = "<group>"; };
		3FCAC84C1EE949E4008DA83B /* ViewController.swift */ = {isa = PBXFileReference; lastKnownFileType = sourcecode.swift; path = ViewController.swift; sourceTree = "<group>"; };
		3FCAC84F1EE949E4008DA83B /* Base */ = {isa = PBXFileReference; lastKnownFileType = file.storyboard; name = Base; path = Base.lproj/Main.storyboard; sourceTree = "<group>"; };
		3FCAC8511EE949E4008DA83B /* Assets.xcassets */ = {isa = PBXFileReference; lastKnownFileType = folder.assetcatalog; path = Assets.xcassets; sourceTree = "<group>"; };
		3FCAC8541EE949E4008DA83B /* Base */ = {isa = PBXFileReference; lastKnownFileType = file.storyboard; name = Base; path = Base.lproj/LaunchScreen.storyboard; sourceTree = "<group>"; };
		3FCAC8561EE949E4008DA83B /* Info.plist */ = {isa = PBXFileReference; lastKnownFileType = text.plist.xml; path = Info.plist; sourceTree = "<group>"; };
		3FCAC85C1EE94A88008DA83B /* PodFile */ = {isa = PBXFileReference; fileEncoding = 4; lastKnownFileType = text; path = PodFile; sourceTree = "<group>"; };
		51512DE5F3DC8CE8302837A8 /* Pods-GoogleMapsPod.debug.xcconfig */ = {isa = PBXFileReference; includeInIndex = 1; lastKnownFileType = text.xcconfig; name = "Pods-GoogleMapsPod.debug.xcconfig"; path = "Pods/Target Support Files/Pods-GoogleMapsPod/Pods-GoogleMapsPod.debug.xcconfig"; sourceTree = "<group>"; };
		D6FFC9E08B09521F14AC300E /* Pods-GoogleMapsPod.release.xcconfig */ = {isa = PBXFileReference; includeInIndex = 1; lastKnownFileType = text.xcconfig; name = "Pods-GoogleMapsPod.release.xcconfig"; path = "Pods/Target Support Files/Pods-GoogleMapsPod/Pods-GoogleMapsPod.release.xcconfig"; sourceTree = "<group>"; };
/* End PBXFileReference section */

/* Begin PBXFrameworksBuildPhase section */
		3FCAC8441EE949E4008DA83B /* Frameworks */ = {
			isa = PBXFrameworksBuildPhase;
			buildActionMask = 2147483647;
			files = (
				B97B47EC7182E2D25F8B6719 /* libPods-GoogleMapsPod.a in Frameworks */,
			);
			runOnlyForDeploymentPostprocessing = 0;
		};
/* End PBXFrameworksBuildPhase section */

/* Begin PBXGroup section */
		3FCAC83E1EE949E4008DA83B = {
			isa = PBXGroup;
			children = (
				3FCAC85C1EE94A88008DA83B /* PodFile */,
				3FCAC8491EE949E4008DA83B /* GoogleMapsPod */,
				3FCAC8481EE949E4008DA83B /* Products */,
				51C340FC46E22ADB63C227B2 /* Pods */,
				807CACC90BB06F8E59AAC24A /* Frameworks */,
			);
			sourceTree = "<group>";
		};
		3FCAC8481EE949E4008DA83B /* Products */ = {
			isa = PBXGroup;
			children = (
				3FCAC8471EE949E4008DA83B /* GoogleMapsPod.app */,
			);
			name = Products;
			sourceTree = "<group>";
		};
		3FCAC8491EE949E4008DA83B /* GoogleMapsPod */ = {
			isa = PBXGroup;
			children = (
				3FCAC84A1EE949E4008DA83B /* AppDelegate.swift */,
				3FCAC84C1EE949E4008DA83B /* ViewController.swift */,
				3FCAC84E1EE949E4008DA83B /* Main.storyboard */,
				3FCAC8511EE949E4008DA83B /* Assets.xcassets */,
				3FCAC8531EE949E4008DA83B /* LaunchScreen.storyboard */,
				3FCAC8561EE949E4008DA83B /* Info.plist */,
			);
			path = GoogleMapsPod;
			sourceTree = "<group>";
		};
		51C340FC46E22ADB63C227B2 /* Pods */ = {
			isa = PBXGroup;
			children = (
				51512DE5F3DC8CE8302837A8 /* Pods-GoogleMapsPod.debug.xcconfig */,
				D6FFC9E08B09521F14AC300E /* Pods-GoogleMapsPod.release.xcconfig */,
			);
			name = Pods;
			sourceTree = "<group>";
		};
		807CACC90BB06F8E59AAC24A /* Frameworks */ = {
			isa = PBXGroup;
			children = (
				33FA16D688F635235C435287 /* libPods-GoogleMapsPod.a */,
			);
			name = Frameworks;
			sourceTree = "<group>";
		};
/* End PBXGroup section */

/* Begin PBXNativeTarget section */
		3FCAC8461EE949E4008DA83B /* GoogleMapsPod */ = {
			isa = PBXNativeTarget;
			buildConfigurationList = 3FCAC8591EE949E4008DA83B /* Build configuration list for PBXNativeTarget "GoogleMapsPod" */;
			buildPhases = (
				D210FD93BD7E9A48727F6B9C /* [CP] Check Pods Manifest.lock */,
				3FCAC8431EE949E4008DA83B /* Sources */,
				3FCAC8441EE949E4008DA83B /* Frameworks */,
				3FCAC8451EE949E4008DA83B /* Resources */,
				3ABC6D7E39E7F3DBFB48D1B2 /* [CP] Embed Pods Frameworks */,
				14631DA0017EE66246FA0CD7 /* [CP] Copy Pods Resources */,
			);
			buildRules = (
			);
			dependencies = (
			);
			name = GoogleMapsPod;
			productName = GoogleMapsPod;
			productReference = 3FCAC8471EE949E4008DA83B /* GoogleMapsPod.app */;
			productType = "com.apple.product-type.application";
		};
/* End PBXNativeTarget section */

/* Begin PBXProject section */
		3FCAC83F1EE949E4008DA83B /* Project object */ = {
			isa = PBXProject;
			attributes = {
				LastSwiftUpdateCheck = 0820;
				LastUpgradeCheck = 0820;
				ORGANIZATIONNAME = student;
				TargetAttributes = {
					3FCAC8461EE949E4008DA83B = {
						CreatedOnToolsVersion = 8.2.1;
						ProvisioningStyle = Automatic;
					};
				};
			};
			buildConfigurationList = 3FCAC8421EE949E4008DA83B /* Build configuration list for PBXProject "GoogleMapsPod" */;
			compatibilityVersion = "Xcode 3.2";
			developmentRegion = English;
			hasScannedForEncodings = 0;
			knownRegions = (
				en,
				Base,
			);
			mainGroup = 3FCAC83E1EE949E4008DA83B;
			productRefGroup = 3FCAC8481EE949E4008DA83B /* Products */;
			projectDirPath = "";
			projectRoot = "";
			targets = (
				3FCAC8461EE949E4008DA83B /* GoogleMapsPod */,
			);
		};
/* End PBXProject section */

/* Begin PBXResourcesBuildPhase section */
		3FCAC8451EE949E4008DA83B /* Resources */ = {
			isa = PBXResourcesBuildPhase;
			buildActionMask = 2147483647;
			files = (
				3FCAC8551EE949E4008DA83B /* LaunchScreen.storyboard in Resources */,
				3FCAC8521EE949E4008DA83B /* Assets.xcassets in Resources */,
				3FCAC85D1EE94A88008DA83B /* PodFile in Resources */,
				3FCAC8501EE949E4008DA83B /* Main.storyboard in Resources */,
			);
			runOnlyForDeploymentPostprocessing = 0;
		};
/* End PBXResourcesBuildPhase section */

/* Begin PBXShellScriptBuildPhase section */
		14631DA0017EE66246FA0CD7 /* [CP] Copy Pods Resources */ = {
			isa = PBXShellScriptBuildPhase;
			buildActionMask = 2147483647;
			files = (
			);
			inputPaths = (
			);
			name = "[CP] Copy Pods Resources";
			outputPaths = (
			);
			runOnlyForDeploymentPostprocessing = 0;
			shellPath = /bin/sh;
			shellScript = "\"${SRCROOT}/Pods/Target Support Files/Pods-GoogleMapsPod/Pods-GoogleMapsPod-resources.sh\"\n";
			showEnvVarsInLog = 0;
		};
		3ABC6D7E39E7F3DBFB48D1B2 /* [CP] Embed Pods Frameworks */ = {
			isa = PBXShellScriptBuildPhase;
			buildActionMask = 2147483647;
			files = (
			);
			inputPaths = (
			);
			name = "[CP] Embed Pods Frameworks";
			outputPaths = (
			);
			runOnlyForDeploymentPostprocessing = 0;
			shellPath = /bin/sh;
			shellScript = "\"${SRCROOT}/Pods/Target Support Files/Pods-GoogleMapsPod/Pods-GoogleMapsPod-frameworks.sh\"\n";
			showEnvVarsInLog = 0;
		};
		D210FD93BD7E9A48727F6B9C /* [CP] Check Pods Manifest.lock */ = {
			isa = PBXShellScriptBuildPhase;
			buildActionMask = 2147483647;
			files = (
			);
			inputPaths = (
			);
			name = "[CP] Check Pods Manifest.lock";
			outputPaths = (
			);
			runOnlyForDeploymentPostprocessing = 0;
			shellPath = /bin/sh;
			shellScript = "diff \"${PODS_PODFILE_DIR_PATH}/Podfile.lock\" \"${PODS_ROOT}/Manifest.lock\" > /dev/null\nif [ $? != 0 ] ; then\n    # print error to STDERR\n    echo \"error: The sandbox is not in sync with the Podfile.lock. Run 'pod install' or update your CocoaPods installation.\" >&2\n    exit 1\nfi\n";
			showEnvVarsInLog = 0;
		};
/* End PBXShellScriptBuildPhase section */

/* Begin PBXSourcesBuildPhase section */
		3FCAC8431EE949E4008DA83B /* Sources */ = {
			isa = PBXSourcesBuildPhase;
			buildActionMask = 2147483647;
			files = (
				3FCAC84D1EE949E4008DA83B /* ViewController.swift in Sources */,
				3FCAC84B1EE949E4008DA83B /* AppDelegate.swift in Sources */,
			);
			runOnlyForDeploymentPostprocessing = 0;
		};
/* End PBXSourcesBuildPhase section */

/* Begin PBXVariantGroup section */
		3FCAC84E1EE949E4008DA83B /* Main.storyboard */ = {
			isa = PBXVariantGroup;
			children = (
				3FCAC84F1EE949E4008DA83B /* Base */,
			);
			name = Main.storyboard;
			sourceTree = "<group>";
		};
		3FCAC8531EE949E4008DA83B /* LaunchScreen.storyboard */ = {
			isa = PBXVariantGroup;
			children = (
				3FCAC8541EE949E4008DA83B /* Base */,
			);
			name = LaunchScreen.storyboard;
			sourceTree = "<group>";
		};
/* End PBXVariantGroup section */

/* Begin XCBuildConfiguration section */
		3FCAC8571EE949E4008DA83B /* Debug */ = {
			isa = XCBuildConfiguration;
			buildSettings = {
				ALWAYS_SEARCH_USER_PATHS = NO;
				CLANG_ANALYZER_NONNULL = YES;
				CLANG_CXX_LANGUAGE_STANDARD = "gnu++0x";
				CLANG_CXX_LIBRARY = "libc++";
				CLANG_ENABLE_MODULES = YES;
				CLANG_ENABLE_OBJC_ARC = YES;
				CLANG_WARN_BOOL_CONVERSION = YES;
				CLANG_WARN_CONSTANT_CONVERSION = YES;
				CLANG_WARN_DIRECT_OBJC_ISA_USAGE = YES_ERROR;
				CLANG_WARN_DOCUMENTATION_COMMENTS = YES;
				CLANG_WARN_EMPTY_BODY = YES;
				CLANG_WARN_ENUM_CONVERSION = YES;
				CLANG_WARN_INFINITE_RECURSION = YES;
				CLANG_WARN_INT_CONVERSION = YES;
				CLANG_WARN_OBJC_ROOT_CLASS = YES_ERROR;
				CLANG_WARN_SUSPICIOUS_MOVE = YES;
				CLANG_WARN_UNREACHABLE_CODE = YES;
				CLANG_WARN__DUPLICATE_METHOD_MATCH = YES;
				"CODE_SIGN_IDENTITY[sdk=iphoneos*]" = "iPhone Developer";
				COPY_PHASE_STRIP = NO;
				DEBUG_INFORMATION_FORMAT = dwarf;
				ENABLE_STRICT_OBJC_MSGSEND = YES;
				ENABLE_TESTABILITY = YES;
				GCC_C_LANGUAGE_STANDARD = gnu99;
				GCC_DYNAMIC_NO_PIC = NO;
				GCC_NO_COMMON_BLOCKS = YES;
				GCC_OPTIMIZATION_LEVEL = 0;
				GCC_PREPROCESSOR_DEFINITIONS = (
					"DEBUG=1",
					"$(inherited)",
				);
				GCC_WARN_64_TO_32_BIT_CONVERSION = YES;
				GCC_WARN_ABOUT_RETURN_TYPE = YES_ERROR;
				GCC_WARN_UNDECLARED_SELECTOR = YES;
				GCC_WARN_UNINITIALIZED_AUTOS = YES_AGGRESSIVE;
				GCC_WARN_UNUSED_FUNCTION = YES;
				GCC_WARN_UNUSED_VARIABLE = YES;
				IPHONEOS_DEPLOYMENT_TARGET = 10.2;
				MTL_ENABLE_DEBUG_INFO = YES;
				ONLY_ACTIVE_ARCH = YES;
				SDKROOT = iphoneos;
				SWIFT_ACTIVE_COMPILATION_CONDITIONS = DEBUG;
				SWIFT_OPTIMIZATION_LEVEL = "-Onone";
			};
			name = Debug;
		};
		3FCAC8581EE949E4008DA83B /* Release */ = {
			isa = XCBuildConfiguration;
			buildSettings = {
				ALWAYS_SEARCH_USER_PATHS = NO;
				CLANG_ANALYZER_NONNULL = YES;
				CLANG_CXX_LANGUAGE_STANDARD = "gnu++0x";
				CLANG_CXX_LIBRARY = "libc++";
				CLANG_ENABLE_MODULES = YES;
				CLANG_ENABLE_OBJC_ARC = YES;
				CLANG_WARN_BOOL_CONVERSION = YES;
				CLANG_WARN_CONSTANT_CONVERSION = YES;
				CLANG_WARN_DIRECT_OBJC_ISA_USAGE = YES_ERROR;
				CLANG_WARN_DOCUMENTATION_COMMENTS = YES;
				CLANG_WARN_EMPTY_BODY = YES;
				CLANG_WARN_ENUM_CONVERSION = YES;
				CLANG_WARN_INFINITE_RECURSION = YES;
				CLANG_WARN_INT_CONVERSION = YES;
				CLANG_WARN_OBJC_ROOT_CLASS = YES_ERROR;
				CLANG_WARN_SUSPICIOUS_MOVE = YES;
				CLANG_WARN_UNREACHABLE_CODE = YES;
				CLANG_WARN__DUPLICATE_METHOD_MATCH = YES;
				"CODE_SIGN_IDENTITY[sdk=iphoneos*]" = "iPhone Developer";
				COPY_PHASE_STRIP = NO;
				DEBUG_INFORMATION_FORMAT = "dwarf-with-dsym";
				ENABLE_NS_ASSERTIONS = NO;
				ENABLE_STRICT_OBJC_MSGSEND = YES;
				GCC_C_LANGUAGE_STANDARD = gnu99;
				GCC_NO_COMMON_BLOCKS = YES;
				GCC_WARN_64_TO_32_BIT_CONVERSION = YES;
				GCC_WARN_ABOUT_RETURN_TYPE = YES_ERROR;
				GCC_WARN_UNDECLARED_SELECTOR = YES;
				GCC_WARN_UNINITIALIZED_AUTOS = YES_AGGRESSIVE;
				GCC_WARN_UNUSED_FUNCTION = YES;
				GCC_WARN_UNUSED_VARIABLE = YES;
				IPHONEOS_DEPLOYMENT_TARGET = 10.2;
				MTL_ENABLE_DEBUG_INFO = NO;
				SDKROOT = iphoneos;
				SWIFT_OPTIMIZATION_LEVEL = "-Owholemodule";
				VALIDATE_PRODUCT = YES;
			};
			name = Release;
		};
		3FCAC85A1EE949E4008DA83B /* Debug */ = {
			isa = XCBuildConfiguration;
			baseConfigurationReference = 51512DE5F3DC8CE8302837A8 /* Pods-GoogleMapsPod.debug.xcconfig */;
			buildSettings = {
				ASSETCATALOG_COMPILER_APPICON_NAME = AppIcon;
				INFOPLIST_FILE = GoogleMapsPod/Info.plist;
				LD_RUNPATH_SEARCH_PATHS = "$(inherited) @executable_path/Frameworks";
				PRODUCT_BUNDLE_IDENTIFIER = student.GoogleMapsPod;
				PRODUCT_NAME = "$(TARGET_NAME)";
				SWIFT_VERSION = 3.0;
			};
			name = Debug;
		};
		3FCAC85B1EE949E4008DA83B /* Release */ = {
			isa = XCBuildConfiguration;
			baseConfigurationReference = D6FFC9E08B09521F14AC300E /* Pods-GoogleMapsPod.release.xcconfig */;
			buildSettings = {
				ASSETCATALOG_COMPILER_APPICON_NAME = AppIcon;
				INFOPLIST_FILE = GoogleMapsPod/Info.plist;
				LD_RUNPATH_SEARCH_PATHS = "$(inherited) @executable_path/Frameworks";
				PRODUCT_BUNDLE_IDENTIFIER = student.GoogleMapsPod;
				PRODUCT_NAME = "$(TARGET_NAME)";
				SWIFT_VERSION = 3.0;
			};
			name = Release;
		};
/* End XCBuildConfiguration section */

/* Begin XCConfigurationList section */
		3FCAC8421EE949E4008DA83B /* Build configuration list for PBXProject "GoogleMapsPod" */ = {
			isa = XCConfigurationList;
			buildConfigurations = (
				3FCAC8571EE949E4008DA83B /* Debug */,
				3FCAC8581EE949E4008DA83B /* Release */,
			);
			defaultConfigurationIsVisible = 0;
			defaultConfigurationName = Release;
		};
		3FCAC8591EE949E4008DA83B /* Build configuration list for PBXNativeTarget "GoogleMapsPod" */ = {
			isa = XCConfigurationList;
			buildConfigurations = (
				3FCAC85A1EE949E4008DA83B /* Debug */,
				3FCAC85B1EE949E4008DA83B /* Release */,
			);
			defaultConfigurationIsVisible = 0;
		};
/* End XCConfigurationList section */
	};
	rootObject = 3FCAC83F1EE949E4008DA83B /* Project object */;
}
